// !$*UTF8*$!
{
	archiveVersion = 1;
	classes = {
	};
	objectVersion = 48;
	objects = {

/* Begin PBXBuildFile section */
		0002B2DE1FC1B084005DAD4C /* MainVC.swift in Sources */ = {isa = PBXBuildFile; fileRef = 0002B2DD1FC1B084005DAD4C /* MainVC.swift */; };
		0002B2E01FC1B274005DAD4C /* BrowserVC.swift in Sources */ = {isa = PBXBuildFile; fileRef = 0002B2DF1FC1B274005DAD4C /* BrowserVC.swift */; };
		0002B2E21FC1B50D005DAD4C /* BrowserTableViewCell.swift in Sources */ = {isa = PBXBuildFile; fileRef = 0002B2E11FC1B50D005DAD4C /* BrowserTableViewCell.swift */; };
		003B93AB1FC1DEB1001D8627 /* BrowsePokemonModalVC.swift in Sources */ = {isa = PBXBuildFile; fileRef = 003B93A91FC1DEB1001D8627 /* BrowsePokemonModalVC.swift */; };
		003B93AC1FC1DEB1001D8627 /* BrowsePokemonModalVC.xib in Resources */ = {isa = PBXBuildFile; fileRef = 003B93AA1FC1DEB1001D8627 /* BrowsePokemonModalVC.xib */; };
		003B93AF1FC1E151001D8627 /* RoundedButton.swift in Sources */ = {isa = PBXBuildFile; fileRef = 003B93AE1FC1E151001D8627 /* RoundedButton.swift */; };
		004F4F401FBDF320004D0BED /* AppDelegate.swift in Sources */ = {isa = PBXBuildFile; fileRef = 004F4F3F1FBDF320004D0BED /* AppDelegate.swift */; };
		004F4F421FBDF320004D0BED /* FinderVC.swift in Sources */ = {isa = PBXBuildFile; fileRef = 004F4F411FBDF320004D0BED /* FinderVC.swift */; };
		004F4F451FBDF320004D0BED /* Main.storyboard in Resources */ = {isa = PBXBuildFile; fileRef = 004F4F431FBDF320004D0BED /* Main.storyboard */; };
		004F4F471FBDF320004D0BED /* Assets.xcassets in Resources */ = {isa = PBXBuildFile; fileRef = 004F4F461FBDF320004D0BED /* Assets.xcassets */; };
		004F4F4A1FBDF320004D0BED /* LaunchScreen.storyboard in Resources */ = {isa = PBXBuildFile; fileRef = 004F4F481FBDF320004D0BED /* LaunchScreen.storyboard */; };
		004F4F571FBDF390004D0BED /* Constants.swift in Sources */ = {isa = PBXBuildFile; fileRef = 004F4F561FBDF390004D0BED /* Constants.swift */; };
		0087A9261FBE5D5C00523FDF /* Extensions.swift in Sources */ = {isa = PBXBuildFile; fileRef = 0087A9251FBE5D5C00523FDF /* Extensions.swift */; };
		00A378A01FBDF75E00741A86 /* DataService.swift in Sources */ = {isa = PBXBuildFile; fileRef = 00A3789F1FBDF75E00741A86 /* DataService.swift */; };
		00AB7AE81FC087060099BB75 /* Pokemon.swift in Sources */ = {isa = PBXBuildFile; fileRef = 00AB7AE71FC087050099BB75 /* Pokemon.swift */; };
		47870E275A0827CCCD3EB8C4 /* Pods_AFPokeApi.framework in Frameworks */ = {isa = PBXBuildFile; fileRef = AD2F93CEB79A57F8378DAD92 /* Pods_AFPokeApi.framework */; };
/* End PBXBuildFile section */

/* Begin PBXFileReference section */
		0002B2DD1FC1B084005DAD4C /* MainVC.swift */ = {isa = PBXFileReference; lastKnownFileType = sourcecode.swift; path = MainVC.swift; sourceTree = "<group>"; };
		0002B2DF1FC1B274005DAD4C /* BrowserVC.swift */ = {isa = PBXFileReference; lastKnownFileType = sourcecode.swift; path = BrowserVC.swift; sourceTree = "<group>"; };
		0002B2E11FC1B50D005DAD4C /* BrowserTableViewCell.swift */ = {isa = PBXFileReference; lastKnownFileType = sourcecode.swift; path = BrowserTableViewCell.swift; sourceTree = "<group>"; };
		003B93A91FC1DEB1001D8627 /* BrowsePokemonModalVC.swift */ = {isa = PBXFileReference; lastKnownFileType = sourcecode.swift; path = BrowsePokemonModalVC.swift; sourceTree = "<group>"; };
		003B93AA1FC1DEB1001D8627 /* BrowsePokemonModalVC.xib */ = {isa = PBXFileReference; lastKnownFileType = file.xib; path = BrowsePokemonModalVC.xib; sourceTree = "<group>"; };
		003B93AE1FC1E151001D8627 /* RoundedButton.swift */ = {isa = PBXFileReference; fileEncoding = 4; lastKnownFileType = sourcecode.swift; path = RoundedButton.swift; sourceTree = "<group>"; };
		004F4F3C1FBDF320004D0BED /* AFPokeApi.app */ = {isa = PBXFileReference; explicitFileType = wrapper.application; includeInIndex = 0; path = AFPokeApi.app; sourceTree = BUILT_PRODUCTS_DIR; };
		004F4F3F1FBDF320004D0BED /* AppDelegate.swift */ = {isa = PBXFileReference; lastKnownFileType = sourcecode.swift; path = AppDelegate.swift; sourceTree = "<group>"; };
		004F4F411FBDF320004D0BED /* FinderVC.swift */ = {isa = PBXFileReference; lastKnownFileType = sourcecode.swift; path = FinderVC.swift; sourceTree = "<group>"; };
		004F4F441FBDF320004D0BED /* Base */ = {isa = PBXFileReference; lastKnownFileType = file.storyboard; name = Base; path = Base.lproj/Main.storyboard; sourceTree = "<group>"; };
		004F4F461FBDF320004D0BED /* Assets.xcassets */ = {isa = PBXFileReference; lastKnownFileType = folder.assetcatalog; path = Assets.xcassets; sourceTree = "<group>"; };
		004F4F491FBDF320004D0BED /* Base */ = {isa = PBXFileReference; lastKnownFileType = file.storyboard; name = Base; path = Base.lproj/LaunchScreen.storyboard; sourceTree = "<group>"; };
		004F4F4B1FBDF320004D0BED /* Info.plist */ = {isa = PBXFileReference; lastKnownFileType = text.plist.xml; path = Info.plist; sourceTree = "<group>"; };
		004F4F561FBDF390004D0BED /* Constants.swift */ = {isa = PBXFileReference; lastKnownFileType = sourcecode.swift; path = Constants.swift; sourceTree = "<group>"; };
		0087A9251FBE5D5C00523FDF /* Extensions.swift */ = {isa = PBXFileReference; lastKnownFileType = sourcecode.swift; path = Extensions.swift; sourceTree = "<group>"; };
		00A3789E1FBDF56900741A86 /* BridgingHeader.h */ = {isa = PBXFileReference; lastKnownFileType = sourcecode.c.h; path = BridgingHeader.h; sourceTree = "<group>"; };
		00A3789F1FBDF75E00741A86 /* DataService.swift */ = {isa = PBXFileReference; lastKnownFileType = sourcecode.swift; path = DataService.swift; sourceTree = "<group>"; };
		00AB7AE71FC087050099BB75 /* Pokemon.swift */ = {isa = PBXFileReference; lastKnownFileType = sourcecode.swift; path = Pokemon.swift; sourceTree = "<group>"; };
		278907FDBB12CCBE145181EC /* Pods-AFPokeApi.release.xcconfig */ = {isa = PBXFileReference; includeInIndex = 1; lastKnownFileType = text.xcconfig; name = "Pods-AFPokeApi.release.xcconfig"; path = "Pods/Target Support Files/Pods-AFPokeApi/Pods-AFPokeApi.release.xcconfig"; sourceTree = "<group>"; };
		A54E4FA27C1B73088838B9DE /* Pods-AFPokeApi.debug.xcconfig */ = {isa = PBXFileReference; includeInIndex = 1; lastKnownFileType = text.xcconfig; name = "Pods-AFPokeApi.debug.xcconfig"; path = "Pods/Target Support Files/Pods-AFPokeApi/Pods-AFPokeApi.debug.xcconfig"; sourceTree = "<group>"; };
		AD2F93CEB79A57F8378DAD92 /* Pods_AFPokeApi.framework */ = {isa = PBXFileReference; explicitFileType = wrapper.framework; includeInIndex = 0; path = Pods_AFPokeApi.framework; sourceTree = BUILT_PRODUCTS_DIR; };
/* End PBXFileReference section */

/* Begin PBXFrameworksBuildPhase section */
		004F4F391FBDF320004D0BED /* Frameworks */ = {
			isa = PBXFrameworksBuildPhase;
			buildActionMask = 2147483647;
			files = (
				47870E275A0827CCCD3EB8C4 /* Pods_AFPokeApi.framework in Frameworks */,
			);
			runOnlyForDeploymentPostprocessing = 0;
		};
/* End PBXFrameworksBuildPhase section */

/* Begin PBXGroup section */
		003B93AD1FC1DEB9001D8627 /* XIB files */ = {
			isa = PBXGroup;
			children = (
				003B93AA1FC1DEB1001D8627 /* BrowsePokemonModalVC.xib */,
			);
			path = "XIB files";
			sourceTree = "<group>";
		};
		004F4F331FBDF320004D0BED = {
			isa = PBXGroup;
			children = (
				004F4F3E1FBDF320004D0BED /* AFPokeApi */,
				004F4F3D1FBDF320004D0BED /* Products */,
				FEDE1C5555CC45C942291316 /* Pods */,
				0F3A02D0945F422B05A7F052 /* Frameworks */,
			);
			sourceTree = "<group>";
		};
		004F4F3D1FBDF320004D0BED /* Products */ = {
			isa = PBXGroup;
			children = (
				004F4F3C1FBDF320004D0BED /* AFPokeApi.app */,
			);
			name = Products;
			sourceTree = "<group>";
		};
		004F4F3E1FBDF320004D0BED /* AFPokeApi */ = {
			isa = PBXGroup;
			children = (
				003B93AD1FC1DEB9001D8627 /* XIB files */,
				00A3789D1FBDF4A200741A86 /* SupportingFiles */,
				004F4F551FBDF382004D0BED /* Utilities */,
				004F4F541FBDF37B004D0BED /* Services */,
				004F4F531FBDF374004D0BED /* Model */,
				004F4F521FBDF36E004D0BED /* View */,
				004F4F511FBDF365004D0BED /* Controller */,
				004F4F3F1FBDF320004D0BED /* AppDelegate.swift */,
				004F4F431FBDF320004D0BED /* Main.storyboard */,
				004F4F461FBDF320004D0BED /* Assets.xcassets */,
				004F4F481FBDF320004D0BED /* LaunchScreen.storyboard */,
				004F4F4B1FBDF320004D0BED /* Info.plist */,
			);
			path = AFPokeApi;
			sourceTree = "<group>";
		};
		004F4F511FBDF365004D0BED /* Controller */ = {
			isa = PBXGroup;
			children = (
				0002B2DD1FC1B084005DAD4C /* MainVC.swift */,
				004F4F411FBDF320004D0BED /* FinderVC.swift */,
				0002B2DF1FC1B274005DAD4C /* BrowserVC.swift */,
				003B93A91FC1DEB1001D8627 /* BrowsePokemonModalVC.swift */,
			);
			path = Controller;
			sourceTree = "<group>";
		};
		004F4F521FBDF36E004D0BED /* View */ = {
			isa = PBXGroup;
			children = (
				003B93AE1FC1E151001D8627 /* RoundedButton.swift */,
				0002B2E11FC1B50D005DAD4C /* BrowserTableViewCell.swift */,
			);
			path = View;
			sourceTree = "<group>";
		};
		004F4F531FBDF374004D0BED /* Model */ = {
			isa = PBXGroup;
			children = (
				00AB7AE71FC087050099BB75 /* Pokemon.swift */,
			);
			path = Model;
			sourceTree = "<group>";
		};
		004F4F541FBDF37B004D0BED /* Services */ = {
			isa = PBXGroup;
			children = (
				00A3789F1FBDF75E00741A86 /* DataService.swift */,
			);
			path = Services;
			sourceTree = "<group>";
		};
		004F4F551FBDF382004D0BED /* Utilities */ = {
			isa = PBXGroup;
			children = (
				004F4F561FBDF390004D0BED /* Constants.swift */,
				0087A9251FBE5D5C00523FDF /* Extensions.swift */,
			);
			path = Utilities;
			sourceTree = "<group>";
		};
		00A3789D1FBDF4A200741A86 /* SupportingFiles */ = {
			isa = PBXGroup;
			children = (
				00A3789E1FBDF56900741A86 /* BridgingHeader.h */,
			);
			path = SupportingFiles;
			sourceTree = "<group>";
		};
		0F3A02D0945F422B05A7F052 /* Frameworks */ = {
			isa = PBXGroup;
			children = (
				AD2F93CEB79A57F8378DAD92 /* Pods_AFPokeApi.framework */,
			);
			name = Frameworks;
			sourceTree = "<group>";
		};
		FEDE1C5555CC45C942291316 /* Pods */ = {
			isa = PBXGroup;
			children = (
				A54E4FA27C1B73088838B9DE /* Pods-AFPokeApi.debug.xcconfig */,
				278907FDBB12CCBE145181EC /* Pods-AFPokeApi.release.xcconfig */,
			);
			name = Pods;
			sourceTree = "<group>";
		};
/* End PBXGroup section */

/* Begin PBXNativeTarget section */
		004F4F3B1FBDF320004D0BED /* AFPokeApi */ = {
			isa = PBXNativeTarget;
			buildConfigurationList = 004F4F4E1FBDF320004D0BED /* Build configuration list for PBXNativeTarget "AFPokeApi" */;
			buildPhases = (
				520CC14644C1D92D8F75D845 /* [CP] Check Pods Manifest.lock */,
				004F4F381FBDF320004D0BED /* Sources */,
				004F4F391FBDF320004D0BED /* Frameworks */,
				004F4F3A1FBDF320004D0BED /* Resources */,
				20ED9297572902558F128989 /* [CP] Embed Pods Frameworks */,
				CADF543A44626C546DA308CE /* [CP] Copy Pods Resources */,
			);
			buildRules = (
			);
			dependencies = (
			);
			name = AFPokeApi;
			productName = AFPokeApi;
			productReference = 004F4F3C1FBDF320004D0BED /* AFPokeApi.app */;
			productType = "com.apple.product-type.application";
		};
/* End PBXNativeTarget section */

/* Begin PBXProject section */
		004F4F341FBDF320004D0BED /* Project object */ = {
			isa = PBXProject;
			attributes = {
				LastSwiftUpdateCheck = 0910;
				LastUpgradeCheck = 0910;
				ORGANIZATIONNAME = "Iain Coleman";
				TargetAttributes = {
					004F4F3B1FBDF320004D0BED = {
						CreatedOnToolsVersion = 9.1;
						ProvisioningStyle = Automatic;
					};
				};
			};
			buildConfigurationList = 004F4F371FBDF320004D0BED /* Build configuration list for PBXProject "AFPokeApi" */;
			compatibilityVersion = "Xcode 8.0";
			developmentRegion = en;
			hasScannedForEncodings = 0;
			knownRegions = (
				en,
				Base,
			);
			mainGroup = 004F4F331FBDF320004D0BED;
			productRefGroup = 004F4F3D1FBDF320004D0BED /* Products */;
			projectDirPath = "";
			projectRoot = "";
			targets = (
				004F4F3B1FBDF320004D0BED /* AFPokeApi */,
			);
		};
/* End PBXProject section */

/* Begin PBXResourcesBuildPhase section */
		004F4F3A1FBDF320004D0BED /* Resources */ = {
			isa = PBXResourcesBuildPhase;
			buildActionMask = 2147483647;
			files = (
				004F4F4A1FBDF320004D0BED /* LaunchScreen.storyboard in Resources */,
				004F4F471FBDF320004D0BED /* Assets.xcassets in Resources */,
				003B93AC1FC1DEB1001D8627 /* BrowsePokemonModalVC.xib in Resources */,
				004F4F451FBDF320004D0BED /* Main.storyboard in Resources */,
			);
			runOnlyForDeploymentPostprocessing = 0;
		};
/* End PBXResourcesBuildPhase section */

/* Begin PBXShellScriptBuildPhase section */
		20ED9297572902558F128989 /* [CP] Embed Pods Frameworks */ = {
			isa = PBXShellScriptBuildPhase;
			buildActionMask = 2147483647;
			files = (
			);
			inputPaths = (
				"${SRCROOT}/Pods/Target Support Files/Pods-AFPokeApi/Pods-AFPokeApi-frameworks.sh",
				"${BUILT_PRODUCTS_DIR}/AFNetworking/AFNetworking.framework",
				"${BUILT_PRODUCTS_DIR}/Alamofire/Alamofire.framework",
				"${BUILT_PRODUCTS_DIR}/Kingfisher/Kingfisher.framework",
				"${BUILT_PRODUCTS_DIR}/SwiftyJSON/SwiftyJSON.framework",
			);
			name = "[CP] Embed Pods Frameworks";
			outputPaths = (
				"${TARGET_BUILD_DIR}/${FRAMEWORKS_FOLDER_PATH}/AFNetworking.framework",
				"${TARGET_BUILD_DIR}/${FRAMEWORKS_FOLDER_PATH}/Alamofire.framework",
				"${TARGET_BUILD_DIR}/${FRAMEWORKS_FOLDER_PATH}/Kingfisher.framework",
				"${TARGET_BUILD_DIR}/${FRAMEWORKS_FOLDER_PATH}/SwiftyJSON.framework",
			);
			runOnlyForDeploymentPostprocessing = 0;
			shellPath = /bin/sh;
			shellScript = "\"${SRCROOT}/Pods/Target Support Files/Pods-AFPokeApi/Pods-AFPokeApi-frameworks.sh\"\n";
			showEnvVarsInLog = 0;
		};
		520CC14644C1D92D8F75D845 /* [CP] Check Pods Manifest.lock */ = {
			isa = PBXShellScriptBuildPhase;
			buildActionMask = 2147483647;
			files = (
			);
			inputPaths = (
				"${PODS_PODFILE_DIR_PATH}/Podfile.lock",
				"${PODS_ROOT}/Manifest.lock",
			);
			name = "[CP] Check Pods Manifest.lock";
			outputPaths = (
				"$(DERIVED_FILE_DIR)/Pods-AFPokeApi-checkManifestLockResult.txt",
			);
			runOnlyForDeploymentPostprocessing = 0;
			shellPath = /bin/sh;
			shellScript = "diff \"${PODS_PODFILE_DIR_PATH}/Podfile.lock\" \"${PODS_ROOT}/Manifest.lock\" > /dev/null\nif [ $? != 0 ] ; then\n    # print error to STDERR\n    echo \"error: The sandbox is not in sync with the Podfile.lock. Run 'pod install' or update your CocoaPods installation.\" >&2\n    exit 1\nfi\n# This output is used by Xcode 'outputs' to avoid re-running this script phase.\necho \"SUCCESS\" > \"${SCRIPT_OUTPUT_FILE_0}\"\n";
			showEnvVarsInLog = 0;
		};
		CADF543A44626C546DA308CE /* [CP] Copy Pods Resources */ = {
			isa = PBXShellScriptBuildPhase;
			buildActionMask = 2147483647;
			files = (
			);
			inputPaths = (
			);
			name = "[CP] Copy Pods Resources";
			outputPaths = (
			);
			runOnlyForDeploymentPostprocessing = 0;
			shellPath = /bin/sh;
			shellScript = "\"${SRCROOT}/Pods/Target Support Files/Pods-AFPokeApi/Pods-AFPokeApi-resources.sh\"\n";
			showEnvVarsInLog = 0;
		};
/* End PBXShellScriptBuildPhase section */

/* Begin PBXSourcesBuildPhase section */
		004F4F381FBDF320004D0BED /* Sources */ = {
			isa = PBXSourcesBuildPhase;
			buildActionMask = 2147483647;
			files = (
				0087A9261FBE5D5C00523FDF /* Extensions.swift in Sources */,
				004F4F421FBDF320004D0BED /* FinderVC.swift in Sources */,
				004F4F401FBDF320004D0BED /* AppDelegate.swift in Sources */,
				004F4F571FBDF390004D0BED /* Constants.swift in Sources */,
				003B93AB1FC1DEB1001D8627 /* BrowsePokemonModalVC.swift in Sources */,
				00A378A01FBDF75E00741A86 /* DataService.swift in Sources */,
				003B93AF1FC1E151001D8627 /* RoundedButton.swift in Sources */,
				0002B2E21FC1B50D005DAD4C /* BrowserTableViewCell.swift in Sources */,
				00AB7AE81FC087060099BB75 /* Pokemon.swift in Sources */,
				0002B2DE1FC1B084005DAD4C /* MainVC.swift in Sources */,
				0002B2E01FC1B274005DAD4C /* BrowserVC.swift in Sources */,
			);
			runOnlyForDeploymentPostprocessing = 0;
		};
/* End PBXSourcesBuildPhase section */

/* Begin PBXVariantGroup section */
		004F4F431FBDF320004D0BED /* Main.storyboard */ = {
			isa = PBXVariantGroup;
			children = (
				004F4F441FBDF320004D0BED /* Base */,
			);
			name = Main.storyboard;
			sourceTree = "<group>";
		};
		004F4F481FBDF320004D0BED /* LaunchScreen.storyboard */ = {
			isa = PBXVariantGroup;
			children = (
				004F4F491FBDF320004D0BED /* Base */,
			);
			name = LaunchScreen.storyboard;
			sourceTree = "<group>";
		};
/* End PBXVariantGroup section */

/* Begin XCBuildConfiguration section */
		004F4F4C1FBDF320004D0BED /* Debug */ = {
			isa = XCBuildConfiguration;
			buildSettings = {
				ALWAYS_SEARCH_USER_PATHS = NO;
				CLANG_ANALYZER_NONNULL = YES;
				CLANG_ANALYZER_NUMBER_OBJECT_CONVERSION = YES_AGGRESSIVE;
				CLANG_CXX_LANGUAGE_STANDARD = "gnu++14";
				CLANG_CXX_LIBRARY = "libc++";
				CLANG_ENABLE_MODULES = YES;
				CLANG_ENABLE_OBJC_ARC = YES;
				CLANG_WARN_BLOCK_CAPTURE_AUTORELEASING = YES;
				CLANG_WARN_BOOL_CONVERSION = YES;
				CLANG_WARN_COMMA = YES;
				CLANG_WARN_CONSTANT_CONVERSION = YES;
				CLANG_WARN_DIRECT_OBJC_ISA_USAGE = YES_ERROR;
				CLANG_WARN_DOCUMENTATION_COMMENTS = YES;
				CLANG_WARN_EMPTY_BODY = YES;
				CLANG_WARN_ENUM_CONVERSION = YES;
				CLANG_WARN_INFINITE_RECURSION = YES;
				CLANG_WARN_INT_CONVERSION = YES;
				CLANG_WARN_NON_LITERAL_NULL_CONVERSION = YES;
				CLANG_WARN_OBJC_LITERAL_CONVERSION = YES;
				CLANG_WARN_OBJC_ROOT_CLASS = YES_ERROR;
				CLANG_WARN_RANGE_LOOP_ANALYSIS = YES;
				CLANG_WARN_STRICT_PROTOTYPES = YES;
				CLANG_WARN_SUSPICIOUS_MOVE = YES;
				CLANG_WARN_UNGUARDED_AVAILABILITY = YES_AGGRESSIVE;
				CLANG_WARN_UNREACHABLE_CODE = YES;
				CLANG_WARN__DUPLICATE_METHOD_MATCH = YES;
				CODE_SIGN_IDENTITY = "iPhone Developer";
				COPY_PHASE_STRIP = NO;
				DEBUG_INFORMATION_FORMAT = dwarf;
				ENABLE_STRICT_OBJC_MSGSEND = YES;
				ENABLE_TESTABILITY = YES;
				GCC_C_LANGUAGE_STANDARD = gnu11;
				GCC_DYNAMIC_NO_PIC = NO;
				GCC_NO_COMMON_BLOCKS = YES;
				GCC_OPTIMIZATION_LEVEL = 0;
				GCC_PREPROCESSOR_DEFINITIONS = (
					"DEBUG=1",
					"$(inherited)",
				);
				GCC_WARN_64_TO_32_BIT_CONVERSION = YES;
				GCC_WARN_ABOUT_RETURN_TYPE = YES_ERROR;
				GCC_WARN_UNDECLARED_SELECTOR = YES;
				GCC_WARN_UNINITIALIZED_AUTOS = YES_AGGRESSIVE;
				GCC_WARN_UNUSED_FUNCTION = YES;
				GCC_WARN_UNUSED_VARIABLE = YES;
				IPHONEOS_DEPLOYMENT_TARGET = 11.1;
				MTL_ENABLE_DEBUG_INFO = YES;
				ONLY_ACTIVE_ARCH = YES;
				SDKROOT = iphoneos;
				SWIFT_ACTIVE_COMPILATION_CONDITIONS = DEBUG;
				SWIFT_OPTIMIZATION_LEVEL = "-Onone";
			};
			name = Debug;
		};
		004F4F4D1FBDF320004D0BED /* Release */ = {
			isa = XCBuildConfiguration;
			buildSettings = {
				ALWAYS_SEARCH_USER_PATHS = NO;
				CLANG_ANALYZER_NONNULL = YES;
				CLANG_ANALYZER_NUMBER_OBJECT_CONVERSION = YES_AGGRESSIVE;
				CLANG_CXX_LANGUAGE_STANDARD = "gnu++14";
				CLANG_CXX_LIBRARY = "libc++";
				CLANG_ENABLE_MODULES = YES;
				CLANG_ENABLE_OBJC_ARC = YES;
				CLANG_WARN_BLOCK_CAPTURE_AUTORELEASING = YES;
				CLANG_WARN_BOOL_CONVERSION = YES;
				CLANG_WARN_COMMA = YES;
				CLANG_WARN_CONSTANT_CONVERSION = YES;
				CLANG_WARN_DIRECT_OBJC_ISA_USAGE = YES_ERROR;
				CLANG_WARN_DOCUMENTATION_COMMENTS = YES;
				CLANG_WARN_EMPTY_BODY = YES;
				CLANG_WARN_ENUM_CONVERSION = YES;
				CLANG_WARN_INFINITE_RECURSION = YES;
				CLANG_WARN_INT_CONVERSION = YES;
				CLANG_WARN_NON_LITERAL_NULL_CONVERSION = YES;
				CLANG_WARN_OBJC_LITERAL_CONVERSION = YES;
				CLANG_WARN_OBJC_ROOT_CLASS = YES_ERROR;
				CLANG_WARN_RANGE_LOOP_ANALYSIS = YES;
				CLANG_WARN_STRICT_PROTOTYPES = YES;
				CLANG_WARN_SUSPICIOUS_MOVE = YES;
				CLANG_WARN_UNGUARDED_AVAILABILITY = YES_AGGRESSIVE;
				CLANG_WARN_UNREACHABLE_CODE = YES;
				CLANG_WARN__DUPLICATE_METHOD_MATCH = YES;
				CODE_SIGN_IDENTITY = "iPhone Developer";
				COPY_PHASE_STRIP = NO;
				DEBUG_INFORMATION_FORMAT = "dwarf-with-dsym";
				ENABLE_NS_ASSERTIONS = NO;
				ENABLE_STRICT_OBJC_MSGSEND = YES;
				GCC_C_LANGUAGE_STANDARD = gnu11;
				GCC_NO_COMMON_BLOCKS = YES;
				GCC_WARN_64_TO_32_BIT_CONVERSION = YES;
				GCC_WARN_ABOUT_RETURN_TYPE = YES_ERROR;
				GCC_WARN_UNDECLARED_SELECTOR = YES;
				GCC_WARN_UNINITIALIZED_AUTOS = YES_AGGRESSIVE;
				GCC_WARN_UNUSED_FUNCTION = YES;
				GCC_WARN_UNUSED_VARIABLE = YES;
				IPHONEOS_DEPLOYMENT_TARGET = 11.1;
				MTL_ENABLE_DEBUG_INFO = NO;
				SDKROOT = iphoneos;
				SWIFT_OPTIMIZATION_LEVEL = "-Owholemodule";
				VALIDATE_PRODUCT = YES;
			};
			name = Release;
		};
		004F4F4F1FBDF320004D0BED /* Debug */ = {
			isa = XCBuildConfiguration;
			baseConfigurationReference = A54E4FA27C1B73088838B9DE /* Pods-AFPokeApi.debug.xcconfig */;
			buildSettings = {
				ASSETCATALOG_COMPILER_APPICON_NAME = AppIcon;
				CODE_SIGN_STYLE = Automatic;
				DEVELOPMENT_TEAM = 9GNF787574;
				INFOPLIST_FILE = AFPokeApi/Info.plist;
				LD_RUNPATH_SEARCH_PATHS = "$(inherited) @executable_path/Frameworks";
				PRODUCT_BUNDLE_IDENTIFIER = com.fiendishcorporation.AFPokeApi;
				PRODUCT_NAME = "$(TARGET_NAME)";
				SWIFT_OBJC_BRIDGING_HEADER = AFPokeApi/SupportingFiles/BridgingHeader.h;
				SWIFT_VERSION = 4.0;
				TARGETED_DEVICE_FAMILY = "1,2";
			};
			name = Debug;
		};
		004F4F501FBDF320004D0BED /* Release */ = {
			isa = XCBuildConfiguration;
			baseConfigurationReference = 278907FDBB12CCBE145181EC /* Pods-AFPokeApi.release.xcconfig */;
			buildSettings = {
				ASSETCATALOG_COMPILER_APPICON_NAME = AppIcon;
				CODE_SIGN_STYLE = Automatic;
				DEVELOPMENT_TEAM = 9GNF787574;
				INFOPLIST_FILE = AFPokeApi/Info.plist;
				LD_RUNPATH_SEARCH_PATHS = "$(inherited) @executable_path/Frameworks";
				PRODUCT_BUNDLE_IDENTIFIER = com.fiendishcorporation.AFPokeApi;
				PRODUCT_NAME = "$(TARGET_NAME)";
				SWIFT_OBJC_BRIDGING_HEADER = AFPokeApi/SupportingFiles/BridgingHeader.h;
				SWIFT_VERSION = 4.0;
				TARGETED_DEVICE_FAMILY = "1,2";
			};
			name = Release;
		};
/* End XCBuildConfiguration section */

/* Begin XCConfigurationList section */
		004F4F371FBDF320004D0BED /* Build configuration list for PBXProject "AFPokeApi" */ = {
			isa = XCConfigurationList;
			buildConfigurations = (
				004F4F4C1FBDF320004D0BED /* Debug */,
				004F4F4D1FBDF320004D0BED /* Release */,
			);
			defaultConfigurationIsVisible = 0;
			defaultConfigurationName = Release;
		};
		004F4F4E1FBDF320004D0BED /* Build configuration list for PBXNativeTarget "AFPokeApi" */ = {
			isa = XCConfigurationList;
			buildConfigurations = (
				004F4F4F1FBDF320004D0BED /* Debug */,
				004F4F501FBDF320004D0BED /* Release */,
			);
			defaultConfigurationIsVisible = 0;
			defaultConfigurationName = Release;
		};
/* End XCConfigurationList section */
	};
	rootObject = 004F4F341FBDF320004D0BED /* Project object */;
}
